{
  "version": "1.0.0",
  "lockfileVersion": 1,
  "requires": true,
  "dependencies": {
    "@angular/common": {
      "version": "2.2.4",
      "resolved": "https://registry.npmjs.org/@angular/common/-/common-2.2.4.tgz",
      "integrity": "sha1-DnmMzoJrowTTspVWUnoaUx9AcVk="
    },
    "@angular/compiler": {
      "version": "2.2.4",
      "resolved": "https://registry.npmjs.org/@angular/compiler/-/compiler-2.2.4.tgz",
      "integrity": "sha1-QOjbX4AZOd3BoWMHnccbO+gaBq4="
    },
    "@angular/core": {
      "version": "2.2.4",
      "resolved": "https://registry.npmjs.org/@angular/core/-/core-2.2.4.tgz",
      "integrity": "sha1-0A1c/HNP1hDLr8FOsHSclX8ASqk="
    },
    "@angular/forms": {
      "version": "2.2.4",
      "resolved": "https://registry.npmjs.org/@angular/forms/-/forms-2.2.4.tgz",
      "integrity": "sha1-lfFcoZOIeSmMzA74o+nvXnUOMe8="
    },
    "@angular/http": {
      "version": "2.2.4",
      "resolved": "https://registry.npmjs.org/@angular/http/-/http-2.2.4.tgz",
      "integrity": "sha1-zP6z+AXgYo9rue+hKe9DLXlUjGM="
    },
    "@angular/platform-browser": {
      "version": "2.2.4",
      "resolved": "https://registry.npmjs.org/@angular/platform-browser/-/platform-browser-2.2.4.tgz",
      "integrity": "sha1-YEHgLH7WJiLJJgYIaVBnBfeftfs="
    },
    "@angular/platform-browser-dynamic": {
      "version": "2.2.4",
      "resolved": "https://registry.npmjs.org/@angular/platform-browser-dynamic/-/platform-browser-dynamic-2.2.4.tgz",
      "integrity": "sha1-SJXMA1qzk+yedOdoQhGpIJ6oaCU="
    },
    "@angular/router": {
      "version": "3.2.4",
      "resolved": "https://registry.npmjs.org/@angular/router/-/router-3.2.4.tgz",
      "integrity": "sha1-3+xxrQcuwDE2S6XQi9b+A/1b6tw="
    },
    "@angular/upgrade": {
      "version": "2.2.4",
      "resolved": "https://registry.npmjs.org/@angular/upgrade/-/upgrade-2.2.4.tgz",
      "integrity": "sha1-+CWy/W0TO9/5p1lWaAnkr2NSiL4="
    },
    "@types/core-js": {
      "version": "0.9.43",
      "resolved": "https://registry.npmjs.org/@types/core-js/-/core-js-0.9.43.tgz",
      "integrity": "sha512-Y11dktBJ5YwKXX8DfHSb9V6shXKSHN5P2URPZLHTRjX3OsO/u8u1kZnSJvsuSH74aTg8f5ZKcpEeCdIJOcBkHg==",
      "dev": true
    },
    "@types/node": {
      "version": "9.3.0",
      "resolved": "https://registry.npmjs.org/@types/node/-/node-9.3.0.tgz",
      "integrity": "sha512-wNBfvNjzsJl4tswIZKXCFQY0lss9nKUyJnG6T94X/eqjRgI2jHZ4evdjhQYBSan/vGtF6XVXPApOmNH2rf0KKw==",
      "dev": true
    },
    "angular-in-memory-web-api": {
      "version": "0.1.17",
      "resolved": "https://registry.npmjs.org/angular-in-memory-web-api/-/angular-in-memory-web-api-0.1.17.tgz",
      "integrity": "sha1-jO+rjU4v7HDMmaPkrLge/RvRfL8="
    },
    "bower": {
      "version": "1.7.9",
      "resolved": "https://registry.npmjs.org/bower/-/bower-1.7.9.tgz",
      "integrity": "sha1-tylsI5Pg117apso5ZIEy3SVYErA="
    },
    "concurrently": {
      "version": "2.2.0",
      "resolved": "https://registry.npmjs.org/concurrently/-/concurrently-2.2.0.tgz",
      "integrity": "sha1-utJI4LsSn7FiF2iQOmMR1F1WiVo=",
      "dev": true
    },
    "core-js": {
      "version": "2.5.3",
      "resolved": "https://registry.npmjs.org/core-js/-/core-js-2.5.3.tgz",
      "integrity": "sha1-isw4NFgk8W2DZbfJtCWRaOjtYD4="
    },
    "jquery": {
      "version": "3.2.1",
      "resolved": "https://registry.npmjs.org/jquery/-/jquery-3.2.1.tgz",
      "integrity": "sha1-XE2d5lKvbNCncBVKYxu6ErAVx4c="
    },
    "reflect-metadata": {
      "version": "0.1.10",
      "resolved": "https://registry.npmjs.org/reflect-metadata/-/reflect-metadata-0.1.10.tgz",
      "integrity": "sha1-tPg3BEFqytiZiMmxVjXUfgO5NEo="
    },
    "rxjs": {
      "version": "5.0.0-beta.12",
      "resolved": "https://registry.npmjs.org/rxjs/-/rxjs-5.0.0-beta.12.tgz",
      "integrity": "sha1-zf3i2MRjnSCud5S/+P3fMtp60zc=",
      "requires": {
        "symbol-observable": "1.1.0"
      }
    },
    "symbol-observable": {
      "version": "1.1.0",
      "resolved": "https://registry.npmjs.org/symbol-observable/-/symbol-observable-1.1.0.tgz",
      "integrity": "sha512-dQoid9tqQ+uotGhuTKEY11X4xhyYePVnqGSoSm3OGKh2E8LZ6RPULp1uXTctk33IeERlrRJYoVSBglsL05F5Uw=="
    },
    "systemjs": {
      "version": "0.19.39",
      "resolved": "https://registry.npmjs.org/systemjs/-/systemjs-0.19.39.tgz",
      "integrity": "sha1-5RPm+Rolo3uLYHxRx5ie4NZ7k1Y=",
      "requires": {
        "when": "3.7.8"
      }
    },
    "typescript": {
      "version": "2.6.2",
      "resolved": "https://registry.npmjs.org/typescript/-/typescript-2.6.2.tgz",
      "integrity": "sha1-PFtv1/beCRQmkCfwPAlGdY92c6Q=",
      "dev": true
    },
    "typings": {
      "version": "1.5.0",
      "resolved": "https://registry.npmjs.org/typings/-/typings-1.5.0.tgz",
      "integrity": "sha1-udI2zx03RghU+MZx6kldlAW4ED8=",
      "dev": true,
      "dependencies": {
        "ansi-regex": {
          "version": "2.1.1",
          "resolved": "https://registry.npmjs.org/ansi-regex/-/ansi-regex-2.1.1.tgz",
          "integrity": "sha1-w7M6te42DYbg5ijwRorn7yfWVN8=",
          "dev": true
        },
        "ansi-styles": {
          "version": "2.2.1",
          "resolved": "https://registry.npmjs.org/ansi-styles/-/ansi-styles-2.2.1.tgz",
          "integrity": "sha1-tDLdM1i2NM914eRmQ2gkBTPB3b4=",
          "dev": true
        },
        "bluebird": {
          "version": "3.5.0",
          "resolved": "https://registry.npmjs.org/bluebird/-/bluebird-3.5.0.tgz",
          "integrity": "sha1-eRQg1/VR7qKJdFOop3ZT+WYG1nw=",
          "dev": true
        },
        "chalk": {
          "version": "1.1.3",
          "resolved": "https://registry.npmjs.org/chalk/-/chalk-1.1.3.tgz",
          "integrity": "sha1-qBFcVeSnAv5NFQq9OHKCKn4J/Jg=",
          "dev": true
        },
        "has-ansi": {
          "version": "2.0.0",
          "resolved": "https://registry.npmjs.org/has-ansi/-/has-ansi-2.0.0.tgz",
          "integrity": "sha1-NPUEnOHs3ysGSa8+8k5F7TVBbZE=",
          "dev": true
        },
        "strip-ansi": {
          "version": "3.0.1",
          "resolved": "https://registry.npmjs.org/strip-ansi/-/strip-ansi-3.0.1.tgz",
          "integrity": "sha1-ajhfuIU9lS1f8F0Oiq+UJ43GPc8=",
          "dev": true
        },
        "supports-color": {
          "version": "2.0.0",
          "resolved": "https://registry.npmjs.org/supports-color/-/supports-color-2.0.0.tgz",
          "integrity": "sha1-U10EXOa2Nj+kARcIRimZXp3zJMc=",
          "dev": true
        },
        "wordwrap": {
          "version": "1.0.0",
          "resolved": "https://registry.npmjs.org/wordwrap/-/wordwrap-1.0.0.tgz",
          "integrity": "sha1-J1hIEIkUVqQXHI0CJkQa3pDLyus=",
          "dev": true
        }
      }
    },
    "when": {
      "version": "3.7.8",
      "resolved": "https://registry.npmjs.org/when/-/when-3.7.8.tgz",
      "integrity": "sha1-xxMLan6gRpPoQs3J56Hyqjmjn4I="
    },
    "zone.js": {
      "version": "0.6.26",
      "resolved": "https://registry.npmjs.org/zone.js/-/zone.js-0.6.26.tgz",
      "integrity": "sha1-BnwTuLgCI6ibYuncgmgPCXYsRjY="
    }
  }
}
